
Microsoft Visual Studio Solution File, Format Version 12.00
# Visual Studio Version 16
VisualStudioVersion = 16.0.29613.14
MinimumVisualStudioVersion = 10.0.40219.1
Project("{FAE04EC0-301F-11D3-BF4B-00C04F79EFBC}") = "workPermit", "workPermit\workPermit.csproj", "{36D3C87C-0DF0-4183-9271-74F5AD5FE8DF}"
EndProject
Global
	GlobalSection(SolutionConfigurationPlatforms) = preSolution
		Debug|Any CPU = Debug|Any CPU
		Release|Any CPU = Release|Any CPU
	EndGlobalSection
	GlobalSection(ProjectConfigurationPlatforms) = postSolution
		{36D3C87C-0DF0-4183-9271-74F5AD5FE8DF}.Debug|Any CPU.ActiveCfg = Debug|Any CPU
		{36D3C87C-0DF0-4183-9271-74F5AD5FE8DF}.Debug|Any CPU.Build.0 = Debug|Any CPU
		{36D3C87C-0DF0-4183-9271-74F5AD5FE8DF}.Release|Any CPU.ActiveCfg = Release|Any CPU
		{36D3C87C-0DF0-4183-9271-74F5AD5FE8DF}.Release|Any CPU.Build.0 = Release|Any CPU
	EndGlobalSection
	GlobalSection(SolutionProperties) = preSolution
		HideSolutionNode = FALSE
	EndGlobalSection
	GlobalSection(ExtensibilityGlobals) = postSolution
		SolutionGuid = {ADB8A34E-F6D5-44C8-B6DA-E2F221E58A7C}
	EndGlobalSection
EndGlobal
